
Microsoft Visual Studio Solution File, Format Version 12.00
# Visual Studio Version 17
VisualStudioVersion = 17.13.35825.156 d17.13
MinimumVisualStudioVersion = 10.0.40219.1
Project("{FAE04EC0-301F-11D3-BF4B-00C04F79EFBC}") = "BurgerHub", "BurgerHub.csproj", "{9706E7B3-5D32-4F4E-BEC3-1E49B5EBFD8E}"
EndProject
Global
	GlobalSection(SolutionConfigurationPlatforms) = preSolution
		Debug|Any CPU = Debug|Any CPU
		Release|Any CPU = Release|Any CPU
	EndGlobalSection
	GlobalSection(ProjectConfigurationPlatforms) = postSolution
		{9706E7B3-5D32-4F4E-BEC3-1E49B5EBFD8E}.Debug|Any CPU.ActiveCfg = Debug|Any CPU
		{9706E7B3-5D32-4F4E-BEC3-1E49B5EBFD8E}.Debug|Any CPU.Build.0 = Debug|Any CPU
		{9706E7B3-5D32-4F4E-BEC3-1E49B5EBFD8E}.Release|Any CPU.ActiveCfg = Release|Any CPU
		{9706E7B3-5D32-4F4E-BEC3-1E49B5EBFD8E}.Release|Any CPU.Build.0 = Release|Any CPU
	EndGlobalSection
	GlobalSection(SolutionProperties) = preSolution
		HideSolutionNode = FALSE
	EndGlobalSection
	GlobalSection(ExtensibilityGlobals) = postSolution
		SolutionGuid = {E1F468EF-9C8F-41F8-92D7-463F9BC5BAD5}
	EndGlobalSection
EndGlobal
